{
  "name": "generador-feedback",
  "lockfileVersion": 3,
  "requires": true,
  "packages": {
    "": {
      "dependencies": {
        "springboot": "^0.1.0"
      }
    },
    "node_modules/springboot": {
      "version": "0.1.0",
      "resolved": "https://registry.npmjs.org/springboot/-/springboot-0.1.0.tgz",
      "integrity": "sha512-nexCNGPBAaPTipFqa5uQYD90FBNNkoOQMC8ctixz0QBmByzhyi/aCzP3VQqdv6Mj4EBSaVARsBhBPP4FTyNcEQ=="
    }
  }
}
